// !$*UTF8*$!
{
	archiveVersion = 1;
	classes = {
	};
	objectVersion = 56;
	objects = {

/* Begin PBXBuildFile section */
		321EC9B42B61374500110527 /* AutoSpellCheckerApp.swift in Sources */ = {isa = PBXBuildFile; fileRef = 321EC9B32B61374500110527 /* AutoSpellCheckerApp.swift */; };
		321EC9B82B61374600110527 /* Assets.xcassets in Resources */ = {isa = PBXBuildFile; fileRef = 321EC9B72B61374600110527 /* Assets.xcassets */; };
		321EC9BB2B61374600110527 /* Preview Assets.xcassets in Resources */ = {isa = PBXBuildFile; fileRef = 321EC9BA2B61374600110527 /* Preview Assets.xcassets */; };
		321EC9C62B61374600110527 /* AutoSpellCheckerTests.swift in Sources */ = {isa = PBXBuildFile; fileRef = 321EC9C52B61374600110527 /* AutoSpellCheckerTests.swift */; };
		321EC9D02B61374600110527 /* AutoSpellCheckerUITests.swift in Sources */ = {isa = PBXBuildFile; fileRef = 321EC9CF2B61374600110527 /* AutoSpellCheckerUITests.swift */; };
		321EC9D22B61374600110527 /* AutoSpellCheckerUITestsLaunchTests.swift in Sources */ = {isa = PBXBuildFile; fileRef = 321EC9D12B61374600110527 /* AutoSpellCheckerUITestsLaunchTests.swift */; };
		321EC9DF2B61378100110527 /* MenuView.swift in Sources */ = {isa = PBXBuildFile; fileRef = 321EC9DE2B61378100110527 /* MenuView.swift */; };
		321EC9E12B61379E00110527 /* Constants.swift in Sources */ = {isa = PBXBuildFile; fileRef = 321EC9E02B61379E00110527 /* Constants.swift */; };
		321EC9E32B6137B100110527 /* NotificationCenter.swift in Sources */ = {isa = PBXBuildFile; fileRef = 321EC9E22B6137B100110527 /* NotificationCenter.swift */; };
		321EC9E52B6137BD00110527 /* GreetingView.swift in Sources */ = {isa = PBXBuildFile; fileRef = 321EC9E42B6137BD00110527 /* GreetingView.swift */; };
/* End PBXBuildFile section */

/* Begin PBXContainerItemProxy section */
		321EC9C22B61374600110527 /* PBXContainerItemProxy */ = {
			isa = PBXContainerItemProxy;
			containerPortal = 321EC9A82B61374500110527 /* Project object */;
			proxyType = 1;
			remoteGlobalIDString = 321EC9AF2B61374500110527;
			remoteInfo = AutoSpellChecker;
		};
		321EC9CC2B61374600110527 /* PBXContainerItemProxy */ = {
			isa = PBXContainerItemProxy;
			containerPortal = 321EC9A82B61374500110527 /* Project object */;
			proxyType = 1;
			remoteGlobalIDString = 321EC9AF2B61374500110527;
			remoteInfo = AutoSpellChecker;
		};
/* End PBXContainerItemProxy section */

/* Begin PBXFileReference section */
		321EC9B02B61374500110527 /* AutoSpellChecker.app */ = {isa = PBXFileReference; explicitFileType = wrapper.application; includeInIndex = 0; path = AutoSpellChecker.app; sourceTree = BUILT_PRODUCTS_DIR; };
		321EC9B32B61374500110527 /* AutoSpellCheckerApp.swift */ = {isa = PBXFileReference; lastKnownFileType = sourcecode.swift; path = AutoSpellCheckerApp.swift; sourceTree = "<group>"; };
		321EC9B72B61374600110527 /* Assets.xcassets */ = {isa = PBXFileReference; lastKnownFileType = folder.assetcatalog; path = Assets.xcassets; sourceTree = "<group>"; };
		321EC9BA2B61374600110527 /* Preview Assets.xcassets */ = {isa = PBXFileReference; lastKnownFileType = folder.assetcatalog; path = "Preview Assets.xcassets"; sourceTree = "<group>"; };
		321EC9BC2B61374600110527 /* AutoSpellChecker.entitlements */ = {isa = PBXFileReference; lastKnownFileType = text.plist.entitlements; path = AutoSpellChecker.entitlements; sourceTree = "<group>"; };
		321EC9C12B61374600110527 /* AutoSpellCheckerTests.xctest */ = {isa = PBXFileReference; explicitFileType = wrapper.cfbundle; includeInIndex = 0; path = AutoSpellCheckerTests.xctest; sourceTree = BUILT_PRODUCTS_DIR; };
		321EC9C52B61374600110527 /* AutoSpellCheckerTests.swift */ = {isa = PBXFileReference; lastKnownFileType = sourcecode.swift; path = AutoSpellCheckerTests.swift; sourceTree = "<group>"; };
		321EC9CB2B61374600110527 /* AutoSpellCheckerUITests.xctest */ = {isa = PBXFileReference; explicitFileType = wrapper.cfbundle; includeInIndex = 0; path = AutoSpellCheckerUITests.xctest; sourceTree = BUILT_PRODUCTS_DIR; };
		321EC9CF2B61374600110527 /* AutoSpellCheckerUITests.swift */ = {isa = PBXFileReference; lastKnownFileType = sourcecode.swift; path = AutoSpellCheckerUITests.swift; sourceTree = "<group>"; };
		321EC9D12B61374600110527 /* AutoSpellCheckerUITestsLaunchTests.swift */ = {isa = PBXFileReference; lastKnownFileType = sourcecode.swift; path = AutoSpellCheckerUITestsLaunchTests.swift; sourceTree = "<group>"; };
		321EC9DE2B61378100110527 /* MenuView.swift */ = {isa = PBXFileReference; lastKnownFileType = sourcecode.swift; path = MenuView.swift; sourceTree = "<group>"; };
		321EC9E02B61379E00110527 /* Constants.swift */ = {isa = PBXFileReference; lastKnownFileType = sourcecode.swift; path = Constants.swift; sourceTree = "<group>"; };
		321EC9E22B6137B100110527 /* NotificationCenter.swift */ = {isa = PBXFileReference; lastKnownFileType = sourcecode.swift; path = NotificationCenter.swift; sourceTree = "<group>"; };
		321EC9E42B6137BD00110527 /* GreetingView.swift */ = {isa = PBXFileReference; lastKnownFileType = sourcecode.swift; path = GreetingView.swift; sourceTree = "<group>"; };
/* End PBXFileReference section */

/* Begin PBXFrameworksBuildPhase section */
		321EC9AD2B61374500110527 /* Frameworks */ = {
			isa = PBXFrameworksBuildPhase;
			buildActionMask = 2147483647;
			files = (
			);
			runOnlyForDeploymentPostprocessing = 0;
		};
		321EC9BE2B61374600110527 /* Frameworks */ = {
			isa = PBXFrameworksBuildPhase;
			buildActionMask = 2147483647;
			files = (
			);
			runOnlyForDeploymentPostprocessing = 0;
		};
		321EC9C82B61374600110527 /* Frameworks */ = {
			isa = PBXFrameworksBuildPhase;
			buildActionMask = 2147483647;
			files = (
			);
			runOnlyForDeploymentPostprocessing = 0;
		};
/* End PBXFrameworksBuildPhase section */

/* Begin PBXGroup section */
		321EC9A72B61374500110527 = {
			isa = PBXGroup;
			children = (
				321EC9B22B61374500110527 /* AutoSpellChecker */,
				321EC9C42B61374600110527 /* AutoSpellCheckerTests */,
				321EC9CE2B61374600110527 /* AutoSpellCheckerUITests */,
				321EC9B12B61374500110527 /* Products */,
			);
			sourceTree = "<group>";
		};
		321EC9B12B61374500110527 /* Products */ = {
			isa = PBXGroup;
			children = (
				321EC9B02B61374500110527 /* AutoSpellChecker.app */,
				321EC9C12B61374600110527 /* AutoSpellCheckerTests.xctest */,
				321EC9CB2B61374600110527 /* AutoSpellCheckerUITests.xctest */,
			);
			name = Products;
			sourceTree = "<group>";
		};
		321EC9B22B61374500110527 /* AutoSpellChecker */ = {
			isa = PBXGroup;
			children = (
				321EC9B32B61374500110527 /* AutoSpellCheckerApp.swift */,
				321EC9B72B61374600110527 /* Assets.xcassets */,
				321EC9BC2B61374600110527 /* AutoSpellChecker.entitlements */,
				321EC9B92B61374600110527 /* Preview Content */,
				321EC9DE2B61378100110527 /* MenuView.swift */,
				321EC9E02B61379E00110527 /* Constants.swift */,
				321EC9E22B6137B100110527 /* NotificationCenter.swift */,
				321EC9E42B6137BD00110527 /* GreetingView.swift */,
			);
			path = AutoSpellChecker;
			sourceTree = "<group>";
		};
		321EC9B92B61374600110527 /* Preview Content */ = {
			isa = PBXGroup;
			children = (
				321EC9BA2B61374600110527 /* Preview Assets.xcassets */,
			);
			path = "Preview Content";
			sourceTree = "<group>";
		};
		321EC9C42B61374600110527 /* AutoSpellCheckerTests */ = {
			isa = PBXGroup;
			children = (
				321EC9C52B61374600110527 /* AutoSpellCheckerTests.swift */,
			);
			path = AutoSpellCheckerTests;
			sourceTree = "<group>";
		};
		321EC9CE2B61374600110527 /* AutoSpellCheckerUITests */ = {
			isa = PBXGroup;
			children = (
				321EC9CF2B61374600110527 /* AutoSpellCheckerUITests.swift */,
				321EC9D12B61374600110527 /* AutoSpellCheckerUITestsLaunchTests.swift */,
			);
			path = AutoSpellCheckerUITests;
			sourceTree = "<group>";
		};
/* End PBXGroup section */

/* Begin PBXNativeTarget section */
		321EC9AF2B61374500110527 /* AutoSpellChecker */ = {
			isa = PBXNativeTarget;
			buildConfigurationList = 321EC9D52B61374600110527 /* Build configuration list for PBXNativeTarget "AutoSpellChecker" */;
			buildPhases = (
				321EC9AC2B61374500110527 /* Sources */,
				321EC9AD2B61374500110527 /* Frameworks */,
				321EC9AE2B61374500110527 /* Resources */,
			);
			buildRules = (
			);
			dependencies = (
			);
			name = AutoSpellChecker;
			productName = AutoSpellChecker;
			productReference = 321EC9B02B61374500110527 /* AutoSpellChecker.app */;
			productType = "com.apple.product-type.application";
		};
		321EC9C02B61374600110527 /* AutoSpellCheckerTests */ = {
			isa = PBXNativeTarget;
			buildConfigurationList = 321EC9D82B61374600110527 /* Build configuration list for PBXNativeTarget "AutoSpellCheckerTests" */;
			buildPhases = (
				321EC9BD2B61374600110527 /* Sources */,
				321EC9BE2B61374600110527 /* Frameworks */,
				321EC9BF2B61374600110527 /* Resources */,
			);
			buildRules = (
			);
			dependencies = (
				321EC9C32B61374600110527 /* PBXTargetDependency */,
			);
			name = AutoSpellCheckerTests;
			productName = AutoSpellCheckerTests;
			productReference = 321EC9C12B61374600110527 /* AutoSpellCheckerTests.xctest */;
			productType = "com.apple.product-type.bundle.unit-test";
		};
		321EC9CA2B61374600110527 /* AutoSpellCheckerUITests */ = {
			isa = PBXNativeTarget;
			buildConfigurationList = 321EC9DB2B61374600110527 /* Build configuration list for PBXNativeTarget "AutoSpellCheckerUITests" */;
			buildPhases = (
				321EC9C72B61374600110527 /* Sources */,
				321EC9C82B61374600110527 /* Frameworks */,
				321EC9C92B61374600110527 /* Resources */,
			);
			buildRules = (
			);
			dependencies = (
				321EC9CD2B61374600110527 /* PBXTargetDependency */,
			);
			name = AutoSpellCheckerUITests;
			productName = AutoSpellCheckerUITests;
			productReference = 321EC9CB2B61374600110527 /* AutoSpellCheckerUITests.xctest */;
			productType = "com.apple.product-type.bundle.ui-testing";
		};
/* End PBXNativeTarget section */

/* Begin PBXProject section */
		321EC9A82B61374500110527 /* Project object */ = {
			isa = PBXProject;
			attributes = {
				BuildIndependentTargetsInParallel = 1;
				LastSwiftUpdateCheck = 1500;
				LastUpgradeCheck = 1500;
				TargetAttributes = {
					321EC9AF2B61374500110527 = {
						CreatedOnToolsVersion = 15.0;
					};
					321EC9C02B61374600110527 = {
						CreatedOnToolsVersion = 15.0;
						TestTargetID = 321EC9AF2B61374500110527;
					};
					321EC9CA2B61374600110527 = {
						CreatedOnToolsVersion = 15.0;
						TestTargetID = 321EC9AF2B61374500110527;
					};
				};
			};
			buildConfigurationList = 321EC9AB2B61374500110527 /* Build configuration list for PBXProject "AutoSpellChecker" */;
			compatibilityVersion = "Xcode 14.0";
			developmentRegion = en;
			hasScannedForEncodings = 0;
			knownRegions = (
				en,
				Base,
			);
			mainGroup = 321EC9A72B61374500110527;
			productRefGroup = 321EC9B12B61374500110527 /* Products */;
			projectDirPath = "";
			projectRoot = "";
			targets = (
				321EC9AF2B61374500110527 /* AutoSpellChecker */,
				321EC9C02B61374600110527 /* AutoSpellCheckerTests */,
				321EC9CA2B61374600110527 /* AutoSpellCheckerUITests */,
			);
		};
/* End PBXProject section */

/* Begin PBXResourcesBuildPhase section */
		321EC9AE2B61374500110527 /* Resources */ = {
			isa = PBXResourcesBuildPhase;
			buildActionMask = 2147483647;
			files = (
				321EC9BB2B61374600110527 /* Preview Assets.xcassets in Resources */,
				321EC9B82B61374600110527 /* Assets.xcassets in Resources */,
			);
			runOnlyForDeploymentPostprocessing = 0;
		};
		321EC9BF2B61374600110527 /* Resources */ = {
			isa = PBXResourcesBuildPhase;
			buildActionMask = 2147483647;
			files = (
			);
			runOnlyForDeploymentPostprocessing = 0;
		};
		321EC9C92B61374600110527 /* Resources */ = {
			isa = PBXResourcesBuildPhase;
			buildActionMask = 2147483647;
			files = (
			);
			runOnlyForDeploymentPostprocessing = 0;
		};
/* End PBXResourcesBuildPhase section */

/* Begin PBXSourcesBuildPhase section */
		321EC9AC2B61374500110527 /* Sources */ = {
			isa = PBXSourcesBuildPhase;
			buildActionMask = 2147483647;
			files = (
				321EC9E52B6137BD00110527 /* GreetingView.swift in Sources */,
				321EC9DF2B61378100110527 /* MenuView.swift in Sources */,
				321EC9E32B6137B100110527 /* NotificationCenter.swift in Sources */,
				321EC9B42B61374500110527 /* AutoSpellCheckerApp.swift in Sources */,
				321EC9E12B61379E00110527 /* Constants.swift in Sources */,
			);
			runOnlyForDeploymentPostprocessing = 0;
		};
		321EC9BD2B61374600110527 /* Sources */ = {
			isa = PBXSourcesBuildPhase;
			buildActionMask = 2147483647;
			files = (
				321EC9C62B61374600110527 /* AutoSpellCheckerTests.swift in Sources */,
			);
			runOnlyForDeploymentPostprocessing = 0;
		};
		321EC9C72B61374600110527 /* Sources */ = {
			isa = PBXSourcesBuildPhase;
			buildActionMask = 2147483647;
			files = (
				321EC9D22B61374600110527 /* AutoSpellCheckerUITestsLaunchTests.swift in Sources */,
				321EC9D02B61374600110527 /* AutoSpellCheckerUITests.swift in Sources */,
			);
			runOnlyForDeploymentPostprocessing = 0;
		};
/* End PBXSourcesBuildPhase section */

/* Begin PBXTargetDependency section */
		321EC9C32B61374600110527 /* PBXTargetDependency */ = {
			isa = PBXTargetDependency;
			target = 321EC9AF2B61374500110527 /* AutoSpellChecker */;
			targetProxy = 321EC9C22B61374600110527 /* PBXContainerItemProxy */;
		};
		321EC9CD2B61374600110527 /* PBXTargetDependency */ = {
			isa = PBXTargetDependency;
			target = 321EC9AF2B61374500110527 /* AutoSpellChecker */;
			targetProxy = 321EC9CC2B61374600110527 /* PBXContainerItemProxy */;
		};
/* End PBXTargetDependency section */

/* Begin XCBuildConfiguration section */
		321EC9D32B61374600110527 /* Debug */ = {
			isa = XCBuildConfiguration;
			buildSettings = {
				ALWAYS_SEARCH_USER_PATHS = NO;
				ASSETCATALOG_COMPILER_GENERATE_SWIFT_ASSET_SYMBOL_EXTENSIONS = YES;
				CLANG_ANALYZER_NONNULL = YES;
				CLANG_ANALYZER_NUMBER_OBJECT_CONVERSION = YES_AGGRESSIVE;
				CLANG_CXX_LANGUAGE_STANDARD = "gnu++20";
				CLANG_ENABLE_MODULES = YES;
				CLANG_ENABLE_OBJC_ARC = YES;
				CLANG_ENABLE_OBJC_WEAK = YES;
				CLANG_WARN_BLOCK_CAPTURE_AUTORELEASING = YES;
				CLANG_WARN_BOOL_CONVERSION = YES;
				CLANG_WARN_COMMA = YES;
				CLANG_WARN_CONSTANT_CONVERSION = YES;
				CLANG_WARN_DEPRECATED_OBJC_IMPLEMENTATIONS = YES;
				CLANG_WARN_DIRECT_OBJC_ISA_USAGE = YES_ERROR;
				CLANG_WARN_DOCUMENTATION_COMMENTS = YES;
				CLANG_WARN_EMPTY_BODY = YES;
				CLANG_WARN_ENUM_CONVERSION = YES;
				CLANG_WARN_INFINITE_RECURSION = YES;
				CLANG_WARN_INT_CONVERSION = YES;
				CLANG_WARN_NON_LITERAL_NULL_CONVERSION = YES;
				CLANG_WARN_OBJC_IMPLICIT_RETAIN_SELF = YES;
				CLANG_WARN_OBJC_LITERAL_CONVERSION = YES;
				CLANG_WARN_OBJC_ROOT_CLASS = YES_ERROR;
				CLANG_WARN_QUOTED_INCLUDE_IN_FRAMEWORK_HEADER = YES;
				CLANG_WARN_RANGE_LOOP_ANALYSIS = YES;
				CLANG_WARN_STRICT_PROTOTYPES = YES;
				CLANG_WARN_SUSPICIOUS_MOVE = YES;
				CLANG_WARN_UNGUARDED_AVAILABILITY = YES_AGGRESSIVE;
				CLANG_WARN_UNREACHABLE_CODE = YES;
				CLANG_WARN__DUPLICATE_METHOD_MATCH = YES;
				COPY_PHASE_STRIP = NO;
				DEBUG_INFORMATION_FORMAT = dwarf;
				ENABLE_STRICT_OBJC_MSGSEND = YES;
				ENABLE_TESTABILITY = YES;
				ENABLE_USER_SCRIPT_SANDBOXING = YES;
				GCC_C_LANGUAGE_STANDARD = gnu17;
				GCC_DYNAMIC_NO_PIC = NO;
				GCC_NO_COMMON_BLOCKS = YES;
				GCC_OPTIMIZATION_LEVEL = 0;
				GCC_PREPROCESSOR_DEFINITIONS = (
					"DEBUG=1",
					"$(inherited)",
				);
				GCC_WARN_64_TO_32_BIT_CONVERSION = YES;
				GCC_WARN_ABOUT_RETURN_TYPE = YES_ERROR;
				GCC_WARN_UNDECLARED_SELECTOR = YES;
				GCC_WARN_UNINITIALIZED_AUTOS = YES_AGGRESSIVE;
				GCC_WARN_UNUSED_FUNCTION = YES;
				GCC_WARN_UNUSED_VARIABLE = YES;
				LOCALIZATION_PREFERS_STRING_CATALOGS = YES;
				MACOSX_DEPLOYMENT_TARGET = 14.0;
				MTL_ENABLE_DEBUG_INFO = INCLUDE_SOURCE;
				MTL_FAST_MATH = YES;
				ONLY_ACTIVE_ARCH = YES;
				SDKROOT = macosx;
				SWIFT_ACTIVE_COMPILATION_CONDITIONS = "DEBUG $(inherited)";
				SWIFT_OPTIMIZATION_LEVEL = "-Onone";
			};
			name = Debug;
		};
		321EC9D42B61374600110527 /* Release */ = {
			isa = XCBuildConfiguration;
			buildSettings = {
				ALWAYS_SEARCH_USER_PATHS = NO;
				ASSETCATALOG_COMPILER_GENERATE_SWIFT_ASSET_SYMBOL_EXTENSIONS = YES;
				CLANG_ANALYZER_NONNULL = YES;
				CLANG_ANALYZER_NUMBER_OBJECT_CONVERSION = YES_AGGRESSIVE;
				CLANG_CXX_LANGUAGE_STANDARD = "gnu++20";
				CLANG_ENABLE_MODULES = YES;
				CLANG_ENABLE_OBJC_ARC = YES;
				CLANG_ENABLE_OBJC_WEAK = YES;
				CLANG_WARN_BLOCK_CAPTURE_AUTORELEASING = YES;
				CLANG_WARN_BOOL_CONVERSION = YES;
				CLANG_WARN_COMMA = YES;
				CLANG_WARN_CONSTANT_CONVERSION = YES;
				CLANG_WARN_DEPRECATED_OBJC_IMPLEMENTATIONS = YES;
				CLANG_WARN_DIRECT_OBJC_ISA_USAGE = YES_ERROR;
				CLANG_WARN_DOCUMENTATION_COMMENTS = YES;
				CLANG_WARN_EMPTY_BODY = YES;
				CLANG_WARN_ENUM_CONVERSION = YES;
				CLANG_WARN_INFINITE_RECURSION = YES;
				CLANG_WARN_INT_CONVERSION = YES;
				CLANG_WARN_NON_LITERAL_NULL_CONVERSION = YES;
				CLANG_WARN_OBJC_IMPLICIT_RETAIN_SELF = YES;
				CLANG_WARN_OBJC_LITERAL_CONVERSION = YES;
				CLANG_WARN_OBJC_ROOT_CLASS = YES_ERROR;
				CLANG_WARN_QUOTED_INCLUDE_IN_FRAMEWORK_HEADER = YES;
				CLANG_WARN_RANGE_LOOP_ANALYSIS = YES;
				CLANG_WARN_STRICT_PROTOTYPES = YES;
				CLANG_WARN_SUSPICIOUS_MOVE = YES;
				CLANG_WARN_UNGUARDED_AVAILABILITY = YES_AGGRESSIVE;
				CLANG_WARN_UNREACHABLE_CODE = YES;
				CLANG_WARN__DUPLICATE_METHOD_MATCH = YES;
				COPY_PHASE_STRIP = NO;
				DEBUG_INFORMATION_FORMAT = "dwarf-with-dsym";
				ENABLE_NS_ASSERTIONS = NO;
				ENABLE_STRICT_OBJC_MSGSEND = YES;
				ENABLE_USER_SCRIPT_SANDBOXING = YES;
				GCC_C_LANGUAGE_STANDARD = gnu17;
				GCC_NO_COMMON_BLOCKS = YES;
				GCC_WARN_64_TO_32_BIT_CONVERSION = YES;
				GCC_WARN_ABOUT_RETURN_TYPE = YES_ERROR;
				GCC_WARN_UNDECLARED_SELECTOR = YES;
				GCC_WARN_UNINITIALIZED_AUTOS = YES_AGGRESSIVE;
				GCC_WARN_UNUSED_FUNCTION = YES;
				GCC_WARN_UNUSED_VARIABLE = YES;
				LOCALIZATION_PREFERS_STRING_CATALOGS = YES;
				MACOSX_DEPLOYMENT_TARGET = 14.0;
				MTL_ENABLE_DEBUG_INFO = NO;
				MTL_FAST_MATH = YES;
				SDKROOT = macosx;
				SWIFT_COMPILATION_MODE = wholemodule;
			};
			name = Release;
		};
		321EC9D62B61374600110527 /* Debug */ = {
			isa = XCBuildConfiguration;
			buildSettings = {
				ASSETCATALOG_COMPILER_APPICON_NAME = AppIcon;
				ASSETCATALOG_COMPILER_GLOBAL_ACCENT_COLOR_NAME = AccentColor;
				CODE_SIGN_ENTITLEMENTS = AutoSpellChecker/AutoSpellChecker.entitlements;
				CODE_SIGN_STYLE = Automatic;
				COMBINE_HIDPI_IMAGES = YES;
				CURRENT_PROJECT_VERSION = 1;
				DEVELOPMENT_ASSET_PATHS = "\"AutoSpellChecker/Preview Content\"";
				DEVELOPMENT_TEAM = M5U7X3823H;
				ENABLE_HARDENED_RUNTIME = YES;
				ENABLE_PREVIEWS = YES;
				GENERATE_INFOPLIST_FILE = YES;
				INFOPLIST_KEY_NSHumanReadableCopyright = "";
				LD_RUNPATH_SEARCH_PATHS = (
					"$(inherited)",
					"@executable_path/../Frameworks",
				);
				MARKETING_VERSION = 1.0;
				PRODUCT_BUNDLE_IDENTIFIER = com.AutoSpellChecker;
				PRODUCT_NAME = "$(TARGET_NAME)";
				SWIFT_EMIT_LOC_STRINGS = YES;
				SWIFT_VERSION = 5.0;
			};
			name = Debug;
		};
		321EC9D72B61374600110527 /* Release */ = {
			isa = XCBuildConfiguration;
			buildSettings = {
				ASSETCATALOG_COMPILER_APPICON_NAME = AppIcon;
				ASSETCATALOG_COMPILER_GLOBAL_ACCENT_COLOR_NAME = AccentColor;
				CODE_SIGN_ENTITLEMENTS = AutoSpellChecker/AutoSpellChecker.entitlements;
				CODE_SIGN_STYLE = Automatic;
				COMBINE_HIDPI_IMAGES = YES;
				CURRENT_PROJECT_VERSION = 1;
				DEVELOPMENT_ASSET_PATHS = "\"AutoSpellChecker/Preview Content\"";
				DEVELOPMENT_TEAM = M5U7X3823H;
				ENABLE_HARDENED_RUNTIME = YES;
				ENABLE_PREVIEWS = YES;
				GENERATE_INFOPLIST_FILE = YES;
				INFOPLIST_KEY_NSHumanReadableCopyright = "";
				LD_RUNPATH_SEARCH_PATHS = (
					"$(inherited)",
					"@executable_path/../Frameworks",
				);
				MARKETING_VERSION = 1.0;
				PRODUCT_BUNDLE_IDENTIFIER = com.AutoSpellChecker;
				PRODUCT_NAME = "$(TARGET_NAME)";
				SWIFT_EMIT_LOC_STRINGS = YES;
				SWIFT_VERSION = 5.0;
			};
			name = Release;
		};
		321EC9D92B61374600110527 /* Debug */ = {
			isa = XCBuildConfiguration;
			buildSettings = {
				ALWAYS_EMBED_SWIFT_STANDARD_LIBRARIES = YES;
				BUNDLE_LOADER = "$(TEST_HOST)";
				CODE_SIGN_STYLE = Automatic;
				CURRENT_PROJECT_VERSION = 1;
				DEVELOPMENT_TEAM = M5U7X3823H;
				GENERATE_INFOPLIST_FILE = YES;
				MACOSX_DEPLOYMENT_TARGET = 14.0;
				MARKETING_VERSION = 1.0;
				PRODUCT_BUNDLE_IDENTIFIER = com.AutoSpellCheckerTests;
				PRODUCT_NAME = "$(TARGET_NAME)";
				SWIFT_EMIT_LOC_STRINGS = NO;
				SWIFT_VERSION = 5.0;
				TEST_HOST = "$(BUILT_PRODUCTS_DIR)/AutoSpellChecker.app/$(BUNDLE_EXECUTABLE_FOLDER_PATH)/AutoSpellChecker";
			};
			name = Debug;
		};
		321EC9DA2B61374600110527 /* Release */ = {
			isa = XCBuildConfiguration;
			buildSettings = {
				ALWAYS_EMBED_SWIFT_STANDARD_LIBRARIES = YES;
				BUNDLE_LOADER = "$(TEST_HOST)";
				CODE_SIGN_STYLE = Automatic;
				CURRENT_PROJECT_VERSION = 1;
				DEVELOPMENT_TEAM = M5U7X3823H;
				GENERATE_INFOPLIST_FILE = YES;
				MACOSX_DEPLOYMENT_TARGET = 14.0;
				MARKETING_VERSION = 1.0;
				PRODUCT_BUNDLE_IDENTIFIER = com.AutoSpellCheckerTests;
				PRODUCT_NAME = "$(TARGET_NAME)";
				SWIFT_EMIT_LOC_STRINGS = NO;
				SWIFT_VERSION = 5.0;
				TEST_HOST = "$(BUILT_PRODUCTS_DIR)/AutoSpellChecker.app/$(BUNDLE_EXECUTABLE_FOLDER_PATH)/AutoSpellChecker";
			};
			name = Release;
		};
		321EC9DC2B61374600110527 /* Debug */ = {
			isa = XCBuildConfiguration;
			buildSettings = {
				ALWAYS_EMBED_SWIFT_STANDARD_LIBRARIES = YES;
				CODE_SIGN_STYLE = Automatic;
				CURRENT_PROJECT_VERSION = 1;
				DEVELOPMENT_TEAM = M5U7X3823H;
				GENERATE_INFOPLIST_FILE = YES;
				MARKETING_VERSION = 1.0;
				PRODUCT_BUNDLE_IDENTIFIER = com.AutoSpellCheckerUITests;
				PRODUCT_NAME = "$(TARGET_NAME)";
				SWIFT_EMIT_LOC_STRINGS = NO;
				SWIFT_VERSION = 5.0;
				TEST_TARGET_NAME = AutoSpellChecker;
			};
			name = Debug;
		};
		321EC9DD2B61374600110527 /* Release */ = {
			isa = XCBuildConfiguration;
			buildSettings = {
				ALWAYS_EMBED_SWIFT_STANDARD_LIBRARIES = YES;
				CODE_SIGN_STYLE = Automatic;
				CURRENT_PROJECT_VERSION = 1;
				DEVELOPMENT_TEAM = M5U7X3823H;
				GENERATE_INFOPLIST_FILE = YES;
				MARKETING_VERSION = 1.0;
				PRODUCT_BUNDLE_IDENTIFIER = com.AutoSpellCheckerUITests;
				PRODUCT_NAME = "$(TARGET_NAME)";
				SWIFT_EMIT_LOC_STRINGS = NO;
				SWIFT_VERSION = 5.0;
				TEST_TARGET_NAME = AutoSpellChecker;
			};
			name = Release;
		};
/* End XCBuildConfiguration section */

/* Begin XCConfigurationList section */
		321EC9AB2B61374500110527 /* Build configuration list for PBXProject "AutoSpellChecker" */ = {
			isa = XCConfigurationList;
			buildConfigurations = (
				321EC9D32B61374600110527 /* Debug */,
				321EC9D42B61374600110527 /* Release */,
			);
			defaultConfigurationIsVisible = 0;
			defaultConfigurationName = Release;
		};
		321EC9D52B61374600110527 /* Build configuration list for PBXNativeTarget "AutoSpellChecker" */ = {
			isa = XCConfigurationList;
			buildConfigurations = (
				321EC9D62B61374600110527 /* Debug */,
				321EC9D72B61374600110527 /* Release */,
			);
			defaultConfigurationIsVisible = 0;
			defaultConfigurationName = Release;
		};
		321EC9D82B61374600110527 /* Build configuration list for PBXNativeTarget "AutoSpellCheckerTests" */ = {
			isa = XCConfigurationList;
			buildConfigurations = (
				321EC9D92B61374600110527 /* Debug */,
				321EC9DA2B61374600110527 /* Release */,
			);
			defaultConfigurationIsVisible = 0;
			defaultConfigurationName = Release;
		};
		321EC9DB2B61374600110527 /* Build configuration list for PBXNativeTarget "AutoSpellCheckerUITests" */ = {
			isa = XCConfigurationList;
			buildConfigurations = (
				321EC9DC2B61374600110527 /* Debug */,
				321EC9DD2B61374600110527 /* Release */,
			);
			defaultConfigurationIsVisible = 0;
			defaultConfigurationName = Release;
		};
/* End XCConfigurationList section */
	};
	rootObject = 321EC9A82B61374500110527 /* Project object */;
}
